
Microsoft Visual Studio Solution File, Format Version 12.00
# Visual Studio Version 16
VisualStudioVersion = 16.0.30406.217
MinimumVisualStudioVersion = 10.0.40219.1
Project("{FAE04EC0-301F-11D3-BF4B-00C04F79EFBC}") = "MultiplayerDynamicBonesMod", "MultiplayerDynamicBonesMod.csproj", "{93D460D9-05F1-4FBA-90C2-F92FF8D81A3F}"
EndProject
Global
	GlobalSection(SolutionConfigurationPlatforms) = preSolution
		Debug|Any CPU = Debug|Any CPU
		Release|Any CPU = Release|Any CPU
	EndGlobalSection
	GlobalSection(ProjectConfigurationPlatforms) = postSolution
		{93D460D9-05F1-4FBA-90C2-F92FF8D81A3F}.Debug|Any CPU.ActiveCfg = Debug|Any CPU
		{93D460D9-05F1-4FBA-90C2-F92FF8D81A3F}.Debug|Any CPU.Build.0 = Debug|Any CPU
		{93D460D9-05F1-4FBA-90C2-F92FF8D81A3F}.Release|Any CPU.ActiveCfg = Release|Any CPU
		{93D460D9-05F1-4FBA-90C2-F92FF8D81A3F}.Release|Any CPU.Build.0 = Release|Any CPU
	EndGlobalSection
	GlobalSection(SolutionProperties) = preSolution
		HideSolutionNode = FALSE
	EndGlobalSection
	GlobalSection(ExtensibilityGlobals) = postSolution
		SolutionGuid = {A901A9A7-D6F0-45CF-A5C1-6B3C71C46D61}
	EndGlobalSection
EndGlobal
